// !$*UTF8*$!
{
	archiveVersion = 1;
	classes = {
	};
	objectVersion = 46;
	objects = {

/* Begin PBXBuildFile section */
		0ADF87F51D66AC8500E73526 /* AppDelegate.m in Sources */ = {isa = PBXBuildFile; fileRef = 0ADF87EF1D66AC8500E73526 /* AppDelegate.m */; };
		0ADF87F61D66AC8500E73526 /* Assets.xcassets in Resources */ = {isa = PBXBuildFile; fileRef = 0ADF87F01D66AC8500E73526 /* Assets.xcassets */; };
		0ADF87F71D66AC8500E73526 /* LaunchScreen.storyboard in Resources */ = {isa = PBXBuildFile; fileRef = 0ADF87F11D66AC8500E73526 /* LaunchScreen.storyboard */; };
		0ADF87F81D66AC8500E73526 /* Info.plist in Resources */ = {isa = PBXBuildFile; fileRef = 0ADF87F31D66AC8500E73526 /* Info.plist */; };
		0ADF87F91D66AC8500E73526 /* main.m in Sources */ = {isa = PBXBuildFile; fileRef = 0ADF87F41D66AC8500E73526 /* main.m */; };
		0ADF87FC1D66B1E500E73526 /* AlertAndAction.m in Sources */ = {isa = PBXBuildFile; fileRef = 0ADF87FB1D66B1E500E73526 /* AlertAndAction.m */; };
		0ADF88031D66B3E100E73526 /* UIColor+YYAdd.m in Sources */ = {isa = PBXBuildFile; fileRef = 0ADF88001D66B3E100E73526 /* UIColor+YYAdd.m */; };
		0ADF88041D66B3E100E73526 /* UIView+YYAdd.m in Sources */ = {isa = PBXBuildFile; fileRef = 0ADF88021D66B3E100E73526 /* UIView+YYAdd.m */; };
		0ADF88081D66B60900E73526 /* NSString+YSAdd.m in Sources */ = {isa = PBXBuildFile; fileRef = 0ADF88071D66B60900E73526 /* NSString+YSAdd.m */; };
		0ADF880B1D66B6B500E73526 /* NSData+YSAdd.m in Sources */ = {isa = PBXBuildFile; fileRef = 0ADF880A1D66B6B500E73526 /* NSData+YSAdd.m */; };
		0ADF880E1D66BABC00E73526 /* JCDKBaseVC.m in Sources */ = {isa = PBXBuildFile; fileRef = 0ADF880D1D66BABC00E73526 /* JCDKBaseVC.m */; };
/* End PBXBuildFile section */

/* Begin PBXFileReference section */
		0ADF87C21D66A44500E73526 /* JCDK.app */ = {isa = PBXFileReference; explicitFileType = wrapper.application; includeInIndex = 0; path = JCDK.app; sourceTree = BUILT_PRODUCTS_DIR; };
		0ADF87C61D66A44500E73526 /* main.m */ = {isa = PBXFileReference; lastKnownFileType = sourcecode.c.objc; path = main.m; sourceTree = "<group>"; };
		0ADF87EE1D66AC8500E73526 /* AppDelegate.h */ = {isa = PBXFileReference; fileEncoding = 4; lastKnownFileType = sourcecode.c.h; path = AppDelegate.h; sourceTree = "<group>"; };
		0ADF87EF1D66AC8500E73526 /* AppDelegate.m */ = {isa = PBXFileReference; fileEncoding = 4; lastKnownFileType = sourcecode.c.objc; path = AppDelegate.m; sourceTree = "<group>"; };
		0ADF87F01D66AC8500E73526 /* Assets.xcassets */ = {isa = PBXFileReference; lastKnownFileType = folder.assetcatalog; path = Assets.xcassets; sourceTree = "<group>"; };
		0ADF87F21D66AC8500E73526 /* Base */ = {isa = PBXFileReference; lastKnownFileType = file.storyboard; name = Base; path = Base.lproj/LaunchScreen.storyboard; sourceTree = "<group>"; };
		0ADF87F31D66AC8500E73526 /* Info.plist */ = {isa = PBXFileReference; fileEncoding = 4; lastKnownFileType = text.plist.xml; path = Info.plist; sourceTree = "<group>"; };
		0ADF87F41D66AC8500E73526 /* main.m */ = {isa = PBXFileReference; fileEncoding = 4; lastKnownFileType = sourcecode.c.objc; path = main.m; sourceTree = "<group>"; };
		0ADF87FA1D66B1E500E73526 /* AlertAndAction.h */ = {isa = PBXFileReference; fileEncoding = 4; lastKnownFileType = sourcecode.c.h; path = AlertAndAction.h; sourceTree = "<group>"; };
		0ADF87FB1D66B1E500E73526 /* AlertAndAction.m */ = {isa = PBXFileReference; fileEncoding = 4; lastKnownFileType = sourcecode.c.objc; path = AlertAndAction.m; sourceTree = "<group>"; };
		0ADF87FD1D66B2C200E73526 /* ZKBlocks.h */ = {isa = PBXFileReference; fileEncoding = 4; lastKnownFileType = sourcecode.c.h; path = ZKBlocks.h; sourceTree = "<group>"; };
		0ADF87FF1D66B3E100E73526 /* UIColor+YYAdd.h */ = {isa = PBXFileReference; fileEncoding = 4; lastKnownFileType = sourcecode.c.h; path = "UIColor+YYAdd.h"; sourceTree = "<group>"; };
		0ADF88001D66B3E100E73526 /* UIColor+YYAdd.m */ = {isa = PBXFileReference; fileEncoding = 4; lastKnownFileType = sourcecode.c.objc; path = "UIColor+YYAdd.m"; sourceTree = "<group>"; };
		0ADF88011D66B3E100E73526 /* UIView+YYAdd.h */ = {isa = PBXFileReference; fileEncoding = 4; lastKnownFileType = sourcecode.c.h; path = "UIView+YYAdd.h"; sourceTree = "<group>"; };
		0ADF88021D66B3E100E73526 /* UIView+YYAdd.m */ = {isa = PBXFileReference; fileEncoding = 4; lastKnownFileType = sourcecode.c.objc; path = "UIView+YYAdd.m"; sourceTree = "<group>"; };
		0ADF88061D66B60900E73526 /* NSString+YSAdd.h */ = {isa = PBXFileReference; fileEncoding = 4; lastKnownFileType = sourcecode.c.h; path = "NSString+YSAdd.h"; sourceTree = "<group>"; };
		0ADF88071D66B60900E73526 /* NSString+YSAdd.m */ = {isa = PBXFileReference; fileEncoding = 4; lastKnownFileType = sourcecode.c.objc; path = "NSString+YSAdd.m"; sourceTree = "<group>"; };
		0ADF88091D66B6B500E73526 /* NSData+YSAdd.h */ = {isa = PBXFileReference; fileEncoding = 4; lastKnownFileType = sourcecode.c.h; path = "NSData+YSAdd.h"; sourceTree = "<group>"; };
		0ADF880A1D66B6B500E73526 /* NSData+YSAdd.m */ = {isa = PBXFileReference; fileEncoding = 4; lastKnownFileType = sourcecode.c.objc; path = "NSData+YSAdd.m"; sourceTree = "<group>"; };
		0ADF880C1D66BABC00E73526 /* JCDKBaseVC.h */ = {isa = PBXFileReference; fileEncoding = 4; lastKnownFileType = sourcecode.c.h; path = JCDKBaseVC.h; sourceTree = "<group>"; };
		0ADF880D1D66BABC00E73526 /* JCDKBaseVC.m */ = {isa = PBXFileReference; fileEncoding = 4; lastKnownFileType = sourcecode.c.objc; path = JCDKBaseVC.m; sourceTree = "<group>"; };
/* End PBXFileReference section */

/* Begin PBXFrameworksBuildPhase section */
		0ADF87BF1D66A44500E73526 /* Frameworks */ = {
			isa = PBXFrameworksBuildPhase;
			buildActionMask = 2147483647;
			files = (
			);
			runOnlyForDeploymentPostprocessing = 0;
		};
/* End PBXFrameworksBuildPhase section */

/* Begin PBXGroup section */
		0ADF87B91D66A44500E73526 = {
			isa = PBXGroup;
			children = (
				0ADF87C41D66A44500E73526 /* JCDK */,
				0ADF87C31D66A44500E73526 /* Products */,
			);
			sourceTree = "<group>";
		};
		0ADF87C31D66A44500E73526 /* Products */ = {
			isa = PBXGroup;
			children = (
				0ADF87C21D66A44500E73526 /* JCDK.app */,
			);
			name = Products;
			sourceTree = "<group>";
		};
		0ADF87C41D66A44500E73526 /* JCDK */ = {
			isa = PBXGroup;
			children = (
				0ADF87ED1D66AC8500E73526 /* xcdDefault */,
				0ADF87DC1D66AC1A00E73526 /* MainUI */,
				0ADF87E71D66AC1A00E73526 /* Resources */,
				0ADF87E91D66AC1A00E73526 /* ThirdParty */,
				0ADF87EA1D66AC1A00E73526 /* Util */,
				0ADF87C51D66A44500E73526 /* Supporting Files */,
			);
			path = JCDK;
			sourceTree = "<group>";
		};
		0ADF87C51D66A44500E73526 /* Supporting Files */ = {
			isa = PBXGroup;
			children = (
				0ADF87C61D66A44500E73526 /* main.m */,
			);
			name = "Supporting Files";
			sourceTree = "<group>";
		};
		0ADF87DC1D66AC1A00E73526 /* MainUI */ = {
			isa = PBXGroup;
			children = (
				0ADF87DD1D66AC1A00E73526 /* BaseVC */,
				0ADF87DE1D66AC1A00E73526 /* First */,
				0ADF87DF1D66AC1A00E73526 /* Fivth */,
				0ADF87E01D66AC1A00E73526 /* Fourth */,
				0ADF87E11D66AC1A00E73526 /* Second */,
				0ADF87E21D66AC1A00E73526 /* Start */,
				0ADF87E61D66AC1A00E73526 /* Third */,
			);
			path = MainUI;
			sourceTree = "<group>";
		};
		0ADF87DD1D66AC1A00E73526 /* BaseVC */ = {
			isa = PBXGroup;
			children = (
				0ADF880C1D66BABC00E73526 /* JCDKBaseVC.h */,
				0ADF880D1D66BABC00E73526 /* JCDKBaseVC.m */,
			);
			path = BaseVC;
			sourceTree = "<group>";
		};
		0ADF87DE1D66AC1A00E73526 /* First */ = {
			isa = PBXGroup;
			children = (
			);
			path = First;
			sourceTree = "<group>";
		};
		0ADF87DF1D66AC1A00E73526 /* Fivth */ = {
			isa = PBXGroup;
			children = (
			);
			path = Fivth;
			sourceTree = "<group>";
		};
		0ADF87E01D66AC1A00E73526 /* Fourth */ = {
			isa = PBXGroup;
			children = (
			);
			path = Fourth;
			sourceTree = "<group>";
		};
		0ADF87E11D66AC1A00E73526 /* Second */ = {
			isa = PBXGroup;
			children = (
			);
			path = Second;
			sourceTree = "<group>";
		};
		0ADF87E21D66AC1A00E73526 /* Start */ = {
			isa = PBXGroup;
			children = (
				0ADF87E31D66AC1A00E73526 /* Ad */,
				0ADF87E41D66AC1A00E73526 /* GuidePage */,
				0ADF87E51D66AC1A00E73526 /* LogAndReg */,
			);
			path = Start;
			sourceTree = "<group>";
		};
		0ADF87E31D66AC1A00E73526 /* Ad */ = {
			isa = PBXGroup;
			children = (
			);
			path = Ad;
			sourceTree = "<group>";
		};
		0ADF87E41D66AC1A00E73526 /* GuidePage */ = {
			isa = PBXGroup;
			children = (
			);
			path = GuidePage;
			sourceTree = "<group>";
		};
		0ADF87E51D66AC1A00E73526 /* LogAndReg */ = {
			isa = PBXGroup;
			children = (
			);
			path = LogAndReg;
			sourceTree = "<group>";
		};
		0ADF87E61D66AC1A00E73526 /* Third */ = {
			isa = PBXGroup;
			children = (
			);
			path = Third;
			sourceTree = "<group>";
		};
		0ADF87E71D66AC1A00E73526 /* Resources */ = {
			isa = PBXGroup;
			children = (
				0ADF87E81D66AC1A00E73526 /* Pic */,
			);
			path = Resources;
			sourceTree = "<group>";
		};
		0ADF87E81D66AC1A00E73526 /* Pic */ = {
			isa = PBXGroup;
			children = (
			);
			path = Pic;
			sourceTree = "<group>";
		};
		0ADF87E91D66AC1A00E73526 /* ThirdParty */ = {
			isa = PBXGroup;
			children = (
			);
			path = ThirdParty;
			sourceTree = "<group>";
		};
		0ADF87EA1D66AC1A00E73526 /* Util */ = {
			isa = PBXGroup;
			children = (
				0ADF87EB1D66AC1A00E73526 /* UIUtil */,
				0ADF87EC1D66AC1A00E73526 /* UUIUtil */,
			);
			path = Util;
			sourceTree = "<group>";
		};
		0ADF87EB1D66AC1A00E73526 /* UIUtil */ = {
			isa = PBXGroup;
			children = (
				0ADF87FE1D66B3E100E73526 /* Category */,
				0ADF87FA1D66B1E500E73526 /* AlertAndAction.h */,
				0ADF87FB1D66B1E500E73526 /* AlertAndAction.m */,
			);
			path = UIUtil;
			sourceTree = "<group>";
		};
		0ADF87EC1D66AC1A00E73526 /* UUIUtil */ = {
			isa = PBXGroup;
			children = (
				0ADF88051D66B60900E73526 /* Category */,
				0ADF87FD1D66B2C200E73526 /* ZKBlocks.h */,
			);
			path = UUIUtil;
			sourceTree = "<group>";
		};
		0ADF87ED1D66AC8500E73526 /* xcdDefault */ = {
			isa = PBXGroup;
			children = (
				0ADF87EE1D66AC8500E73526 /* AppDelegate.h */,
				0ADF87EF1D66AC8500E73526 /* AppDelegate.m */,
				0ADF87F01D66AC8500E73526 /* Assets.xcassets */,
				0ADF87F11D66AC8500E73526 /* LaunchScreen.storyboard */,
				0ADF87F31D66AC8500E73526 /* Info.plist */,
				0ADF87F41D66AC8500E73526 /* main.m */,
			);
			path = xcdDefault;
			sourceTree = "<group>";
		};
		0ADF87FE1D66B3E100E73526 /* Category */ = {
			isa = PBXGroup;
			children = (
				0ADF87FF1D66B3E100E73526 /* UIColor+YYAdd.h */,
				0ADF88001D66B3E100E73526 /* UIColor+YYAdd.m */,
				0ADF88011D66B3E100E73526 /* UIView+YYAdd.h */,
				0ADF88021D66B3E100E73526 /* UIView+YYAdd.m */,
			);
			path = Category;
			sourceTree = "<group>";
		};
		0ADF88051D66B60900E73526 /* Category */ = {
			isa = PBXGroup;
			children = (
				0ADF88091D66B6B500E73526 /* NSData+YSAdd.h */,
				0ADF880A1D66B6B500E73526 /* NSData+YSAdd.m */,
				0ADF88061D66B60900E73526 /* NSString+YSAdd.h */,
				0ADF88071D66B60900E73526 /* NSString+YSAdd.m */,
			);
			path = Category;
			sourceTree = "<group>";
		};
/* End PBXGroup section */

/* Begin PBXNativeTarget section */
		0ADF87C11D66A44500E73526 /* JCDK */ = {
			isa = PBXNativeTarget;
			buildConfigurationList = 0ADF87D91D66A44500E73526 /* Build configuration list for PBXNativeTarget "JCDK" */;
			buildPhases = (
				0ADF87BE1D66A44500E73526 /* Sources */,
				0ADF87BF1D66A44500E73526 /* Frameworks */,
				0ADF87C01D66A44500E73526 /* Resources */,
			);
			buildRules = (
			);
			dependencies = (
			);
			name = JCDK;
			productName = JCDK;
			productReference = 0ADF87C21D66A44500E73526 /* JCDK.app */;
			productType = "com.apple.product-type.application";
		};
/* End PBXNativeTarget section */

/* Begin PBXProject section */
		0ADF87BA1D66A44500E73526 /* Project object */ = {
			isa = PBXProject;
			attributes = {
				LastUpgradeCheck = 0730;
				ORGANIZATIONNAME = "张科";
				TargetAttributes = {
					0ADF87C11D66A44500E73526 = {
						CreatedOnToolsVersion = 7.3.1;
					};
				};
			};
			buildConfigurationList = 0ADF87BD1D66A44500E73526 /* Build configuration list for PBXProject "JCDK" */;
			compatibilityVersion = "Xcode 3.2";
			developmentRegion = English;
			hasScannedForEncodings = 0;
			knownRegions = (
				en,
				Base,
			);
			mainGroup = 0ADF87B91D66A44500E73526;
			productRefGroup = 0ADF87C31D66A44500E73526 /* Products */;
			projectDirPath = "";
			projectRoot = "";
			targets = (
				0ADF87C11D66A44500E73526 /* JCDK */,
			);
		};
/* End PBXProject section */

/* Begin PBXResourcesBuildPhase section */
		0ADF87C01D66A44500E73526 /* Resources */ = {
			isa = PBXResourcesBuildPhase;
			buildActionMask = 2147483647;
			files = (
				0ADF87F61D66AC8500E73526 /* Assets.xcassets in Resources */,
				0ADF87F71D66AC8500E73526 /* LaunchScreen.storyboard in Resources */,
				0ADF87F81D66AC8500E73526 /* Info.plist in Resources */,
			);
			runOnlyForDeploymentPostprocessing = 0;
		};
/* End PBXResourcesBuildPhase section */

/* Begin PBXSourcesBuildPhase section */
		0ADF87BE1D66A44500E73526 /* Sources */ = {
			isa = PBXSourcesBuildPhase;
			buildActionMask = 2147483647;
			files = (
				0ADF87F51D66AC8500E73526 /* AppDelegate.m in Sources */,
				0ADF88031D66B3E100E73526 /* UIColor+YYAdd.m in Sources */,
				0ADF87F91D66AC8500E73526 /* main.m in Sources */,
				0ADF88041D66B3E100E73526 /* UIView+YYAdd.m in Sources */,
				0ADF880B1D66B6B500E73526 /* NSData+YSAdd.m in Sources */,
				0ADF87FC1D66B1E500E73526 /* AlertAndAction.m in Sources */,
				0ADF88081D66B60900E73526 /* NSString+YSAdd.m in Sources */,
				0ADF880E1D66BABC00E73526 /* JCDKBaseVC.m in Sources */,
			);
			runOnlyForDeploymentPostprocessing = 0;
		};
/* End PBXSourcesBuildPhase section */

/* Begin PBXVariantGroup section */
		0ADF87F11D66AC8500E73526 /* LaunchScreen.storyboard */ = {
			isa = PBXVariantGroup;
			children = (
				0ADF87F21D66AC8500E73526 /* Base */,
			);
			name = LaunchScreen.storyboard;
			sourceTree = "<group>";
		};
/* End PBXVariantGroup section */

/* Begin XCBuildConfiguration section */
		0ADF87D71D66A44500E73526 /* Debug */ = {
			isa = XCBuildConfiguration;
			buildSettings = {
				ALWAYS_SEARCH_USER_PATHS = NO;
				CLANG_ANALYZER_NONNULL = YES;
				CLANG_CXX_LANGUAGE_STANDARD = "gnu++0x";
				CLANG_CXX_LIBRARY = "libc++";
				CLANG_ENABLE_MODULES = YES;
				CLANG_ENABLE_OBJC_ARC = YES;
				CLANG_WARN_BOOL_CONVERSION = YES;
				CLANG_WARN_CONSTANT_CONVERSION = YES;
				CLANG_WARN_DIRECT_OBJC_ISA_USAGE = YES_ERROR;
				CLANG_WARN_EMPTY_BODY = YES;
				CLANG_WARN_ENUM_CONVERSION = YES;
				CLANG_WARN_INT_CONVERSION = YES;
				CLANG_WARN_OBJC_ROOT_CLASS = YES_ERROR;
				CLANG_WARN_UNREACHABLE_CODE = YES;
				CLANG_WARN__DUPLICATE_METHOD_MATCH = YES;
				"CODE_SIGN_IDENTITY[sdk=iphoneos*]" = "iPhone Developer";
				COPY_PHASE_STRIP = NO;
				DEBUG_INFORMATION_FORMAT = dwarf;
				ENABLE_STRICT_OBJC_MSGSEND = YES;
				ENABLE_TESTABILITY = YES;
				GCC_C_LANGUAGE_STANDARD = gnu99;
				GCC_DYNAMIC_NO_PIC = NO;
				GCC_NO_COMMON_BLOCKS = YES;
				GCC_OPTIMIZATION_LEVEL = 0;
				GCC_PREPROCESSOR_DEFINITIONS = (
					"DEBUG=1",
					"$(inherited)",
				);
				GCC_WARN_64_TO_32_BIT_CONVERSION = YES;
				GCC_WARN_ABOUT_RETURN_TYPE = YES_ERROR;
				GCC_WARN_UNDECLARED_SELECTOR = YES;
				GCC_WARN_UNINITIALIZED_AUTOS = YES_AGGRESSIVE;
				GCC_WARN_UNUSED_FUNCTION = YES;
				GCC_WARN_UNUSED_VARIABLE = YES;
				IPHONEOS_DEPLOYMENT_TARGET = 9.3;
				MTL_ENABLE_DEBUG_INFO = YES;
				ONLY_ACTIVE_ARCH = YES;
				SDKROOT = iphoneos;
			};
			name = Debug;
		};
		0ADF87D81D66A44500E73526 /* Release */ = {
			isa = XCBuildConfiguration;
			buildSettings = {
				ALWAYS_SEARCH_USER_PATHS = NO;
				CLANG_ANALYZER_NONNULL = YES;
				CLANG_CXX_LANGUAGE_STANDARD = "gnu++0x";
				CLANG_CXX_LIBRARY = "libc++";
				CLANG_ENABLE_MODULES = YES;
				CLANG_ENABLE_OBJC_ARC = YES;
				CLANG_WARN_BOOL_CONVERSION = YES;
				CLANG_WARN_CONSTANT_CONVERSION = YES;
				CLANG_WARN_DIRECT_OBJC_ISA_USAGE = YES_ERROR;
				CLANG_WARN_EMPTY_BODY = YES;
				CLANG_WARN_ENUM_CONVERSION = YES;
				CLANG_WARN_INT_CONVERSION = YES;
				CLANG_WARN_OBJC_ROOT_CLASS = YES_ERROR;
				CLANG_WARN_UNREACHABLE_CODE = YES;
				CLANG_WARN__DUPLICATE_METHOD_MATCH = YES;
				"CODE_SIGN_IDENTITY[sdk=iphoneos*]" = "iPhone Developer";
				COPY_PHASE_STRIP = NO;
				DEBUG_INFORMATION_FORMAT = "dwarf-with-dsym";
				ENABLE_NS_ASSERTIONS = NO;
				ENABLE_STRICT_OBJC_MSGSEND = YES;
				GCC_C_LANGUAGE_STANDARD = gnu99;
				GCC_NO_COMMON_BLOCKS = YES;
				GCC_WARN_64_TO_32_BIT_CONVERSION = YES;
				GCC_WARN_ABOUT_RETURN_TYPE = YES_ERROR;
				GCC_WARN_UNDECLARED_SELECTOR = YES;
				GCC_WARN_UNINITIALIZED_AUTOS = YES_AGGRESSIVE;
				GCC_WARN_UNUSED_FUNCTION = YES;
				GCC_WARN_UNUSED_VARIABLE = YES;
				IPHONEOS_DEPLOYMENT_TARGET = 9.3;
				MTL_ENABLE_DEBUG_INFO = NO;
				SDKROOT = iphoneos;
				VALIDATE_PRODUCT = YES;
			};
			name = Release;
		};
		0ADF87DA1D66A44500E73526 /* Debug */ = {
			isa = XCBuildConfiguration;
			buildSettings = {
				ASSETCATALOG_COMPILER_APPICON_NAME = AppIcon;
				IBSC_FLATTEN_NIBS = NO;
				INFOPLIST_FILE = "$(SRCROOT)/JCDK/xcdDefault/Info.plist";
				LD_RUNPATH_SEARCH_PATHS = "$(inherited) @executable_path/Frameworks";
				PRODUCT_BUNDLE_IDENTIFIER = no.JCDK;
				PRODUCT_NAME = "$(TARGET_NAME)";
			};
			name = Debug;
		};
		0ADF87DB1D66A44500E73526 /* Release */ = {
			isa = XCBuildConfiguration;
			buildSettings = {
				ASSETCATALOG_COMPILER_APPICON_NAME = AppIcon;
				IBSC_FLATTEN_NIBS = NO;
				INFOPLIST_FILE = "$(SRCROOT)/JCDK/xcdDefault/Info.plist";
				LD_RUNPATH_SEARCH_PATHS = "$(inherited) @executable_path/Frameworks";
				PRODUCT_BUNDLE_IDENTIFIER = no.JCDK;
				PRODUCT_NAME = "$(TARGET_NAME)";
			};
			name = Release;
		};
/* End XCBuildConfiguration section */

/* Begin XCConfigurationList section */
		0ADF87BD1D66A44500E73526 /* Build configuration list for PBXProject "JCDK" */ = {
			isa = XCConfigurationList;
			buildConfigurations = (
				0ADF87D71D66A44500E73526 /* Debug */,
				0ADF87D81D66A44500E73526 /* Release */,
			);
			defaultConfigurationIsVisible = 0;
			defaultConfigurationName = Release;
		};
		0ADF87D91D66A44500E73526 /* Build configuration list for PBXNativeTarget "JCDK" */ = {
			isa = XCConfigurationList;
			buildConfigurations = (
				0ADF87DA1D66A44500E73526 /* Debug */,
				0ADF87DB1D66A44500E73526 /* Release */,
			);
			defaultConfigurationIsVisible = 0;
		};
/* End XCConfigurationList section */
	};
	rootObject = 0ADF87BA1D66A44500E73526 /* Project object */;
}
